
Microsoft Visual Studio Solution File, Format Version 12.00
# Visual Studio Version 16
VisualStudioVersion = 16.0.33529.622
MinimumVisualStudioVersion = 10.0.40219.1
Project("{FAE04EC0-301F-11D3-BF4B-00C04F79EFBC}") = "ContosoCrafts", "ContosoCrafts\ContosoCrafts.csproj", "{45B7F835-AC62-4C3E-BD08-8E8CD855DBAC}"
EndProject
Global
	GlobalSection(SolutionConfigurationPlatforms) = preSolution
		Debug|Any CPU = Debug|Any CPU
		Release|Any CPU = Release|Any CPU
	EndGlobalSection
	GlobalSection(ProjectConfigurationPlatforms) = postSolution
		{45B7F835-AC62-4C3E-BD08-8E8CD855DBAC}.Debug|Any CPU.ActiveCfg = Debug|Any CPU
		{45B7F835-AC62-4C3E-BD08-8E8CD855DBAC}.Debug|Any CPU.Build.0 = Debug|Any CPU
		{45B7F835-AC62-4C3E-BD08-8E8CD855DBAC}.Release|Any CPU.ActiveCfg = Release|Any CPU
		{45B7F835-AC62-4C3E-BD08-8E8CD855DBAC}.Release|Any CPU.Build.0 = Release|Any CPU
	EndGlobalSection
	GlobalSection(SolutionProperties) = preSolution
		HideSolutionNode = FALSE
	EndGlobalSection
	GlobalSection(ExtensibilityGlobals) = postSolution
		SolutionGuid = {5FC257F5-7193-472C-9721-88AC7EE61BAF}
	EndGlobalSection
EndGlobal
